schema: '2.0'
stages:
  collect-data:
    cmd: calkit xenv -n py --no-check -- python scripts/collect-data.py
    deps:
    - path: .calkit/env-locks/py.yml
      hash: md5
      md5: 38e8da790ec212e66f9b5ddc63bf3b5f
      size: 4549
    - path: scripts/collect-data.py
      hash: md5
      md5: eeab1328ac4a9df2ef2452d32c1e6cce
      size: 424
    outs:
    - path: data/raw/data.csv
      hash: md5
      md5: 6dc9467ca28e66c406e8b1f06c12b8e3
      size: 43646
  plot-voltage:
    cmd: calkit xenv -n py --no-check -- python scripts/plot-voltage.py
    deps:
    - path: .calkit/env-locks/py.yml
      hash: md5
      md5: 38e8da790ec212e66f9b5ddc63bf3b5f
      size: 4549
    - path: data/raw/data.csv
      hash: md5
      md5: 6dc9467ca28e66c406e8b1f06c12b8e3
      size: 43646
    - path: scripts/plot-voltage.py
      hash: md5
      md5: 087a567a0c0f6199a908399013d564a1
      size: 297
    outs:
    - path: figures/voltage-time-series.png
      hash: md5
      md5: be166cf4d2e8ccdc5db508df5e9a4064
      size: 44199
  copy-figures-to-paper-dir:
    cmd: cp -r figures paper/figures
    deps:
    - path: figures
      hash: md5
      md5: d6fd2418e3b774996ddd0f26715c36ac.dir
      size: 45148
      nfiles: 2
    outs:
    - path: paper/figures
      hash: md5
      md5: d6fd2418e3b774996ddd0f26715c36ac.dir
      size: 45148
      nfiles: 2
  build-paper:
    cmd: calkit xenv -n tex --no-check -- latexmk -cd -interaction=nonstopmode 
      -silent -synctex=1 -pdf paper/paper.tex
    deps:
    - path: .calkit/env-locks/tex.json
      hash: md5
      md5: 13f6ce5796b0b1f7d0465f7bc3616a2d
      size: 1171
    - path: figures
      hash: md5
      md5: 05aaec9c65827ae77d8af66e853d38eb.dir
      size: 44224
      nfiles: 2
    - path: paper/paper.tex
      hash: md5
      md5: 1480301e18c57bf533d604e1a3593101
      size: 653
    outs:
    - path: paper/paper.pdf
      hash: md5
      md5: 036a1daaccd55d05588bad03a8d22db6
      size: 93406
  _check_env_py:
    cmd: calkit check conda-env --file environment.yml --output 
      .calkit/env-locks/py.yml
    deps:
    - path: environment.yml
      hash: md5
      md5: 4282ecbec6810eb293bdf62d7f956ffd
      size: 119
    outs:
    - path: .calkit/env-locks/py.yml
      hash: md5
      md5: 8119fb42c7e8531010248790fff169cf
      size: 2200
  _check_env_tex:
    cmd: calkit check docker-env texlive/texlive:latest-full -o 
      .calkit/env-locks/tex.json
    outs:
    - path: .calkit/env-locks/tex.json
      hash: md5
      md5: b04cd12c7a8313853c8739a55f6320fe
      size: 2791
  _check-env-py:
    cmd: calkit check environment --name py
    deps:
    - path: environment.yml
      hash: md5
      md5: 4282ecbec6810eb293bdf62d7f956ffd
      size: 119
    outs:
    - path: .calkit/env-locks/py.yml
      hash: md5
      md5: 38e8da790ec212e66f9b5ddc63bf3b5f
      size: 4549
  _check-env-tex:
    cmd: calkit check environment --name tex
    outs:
    - path: .calkit/env-locks/tex.json
      hash: md5
      md5: 13f6ce5796b0b1f7d0465f7bc3616a2d
      size: 1171
